
Microsoft Visual Studio Solution File, Format Version 12.00
# Visual Studio Version 16
VisualStudioVersion = 16.0.29411.108
MinimumVisualStudioVersion = 10.0.40219.1
Project("{FAE04EC0-301F-11D3-BF4B-00C04F79EFBC}") = "Lands.Android", "Lands\Lands.Android\Lands.Android.csproj", "{BCD4DB29-FB8D-4874-B081-8FDB49992C25}"
EndProject
Project("{FAE04EC0-301F-11D3-BF4B-00C04F79EFBC}") = "Lands.iOS", "Lands\Lands.iOS\Lands.iOS.csproj", "{DB69162E-2D1C-494B-B3F0-CFE3BB7EB638}"
EndProject
Project("{9A19103F-16F7-4668-BE54-9A1E7A4F7556}") = "Lands", "Lands\Lands\Lands.csproj", "{2CF35C57-5FE4-4436-88F9-5E6688547078}"
EndProject
Project("{FAE04EC0-301F-11D3-BF4B-00C04F79EFBC}") = "Lands.Backend", "Lands.Backend\Lands.Backend.csproj", "{F101C22B-6010-40EA-ADBE-82FD62E23D51}"
EndProject
Project("{FAE04EC0-301F-11D3-BF4B-00C04F79EFBC}") = "Lands.API", "Lands.API\Lands.API.csproj", "{8BF4E036-382B-44CD-88A1-4478E3F6896E}"
EndProject
Project("{FAE04EC0-301F-11D3-BF4B-00C04F79EFBC}") = "Lands.Domain", "Lands.Domain\Lands.Domain.csproj", "{615FE365-B433-4D03-8953-7507FC9EFC96}"
EndProject
Global
	GlobalSection(SolutionConfigurationPlatforms) = preSolution
		Debug|Any CPU = Debug|Any CPU
		Debug|iPhone = Debug|iPhone
		Debug|iPhoneSimulator = Debug|iPhoneSimulator
		Release|Any CPU = Release|Any CPU
		Release|iPhone = Release|iPhone
		Release|iPhoneSimulator = Release|iPhoneSimulator
	EndGlobalSection
	GlobalSection(ProjectConfigurationPlatforms) = postSolution
		{BCD4DB29-FB8D-4874-B081-8FDB49992C25}.Debug|Any CPU.ActiveCfg = Debug|Any CPU
		{BCD4DB29-FB8D-4874-B081-8FDB49992C25}.Debug|Any CPU.Build.0 = Debug|Any CPU
		{BCD4DB29-FB8D-4874-B081-8FDB49992C25}.Debug|Any CPU.Deploy.0 = Debug|Any CPU
		{BCD4DB29-FB8D-4874-B081-8FDB49992C25}.Debug|iPhone.ActiveCfg = Debug|Any CPU
		{BCD4DB29-FB8D-4874-B081-8FDB49992C25}.Debug|iPhone.Build.0 = Debug|Any CPU
		{BCD4DB29-FB8D-4874-B081-8FDB49992C25}.Debug|iPhone.Deploy.0 = Debug|Any CPU
		{BCD4DB29-FB8D-4874-B081-8FDB49992C25}.Debug|iPhoneSimulator.ActiveCfg = Debug|Any CPU
		{BCD4DB29-FB8D-4874-B081-8FDB49992C25}.Debug|iPhoneSimulator.Build.0 = Debug|Any CPU
		{BCD4DB29-FB8D-4874-B081-8FDB49992C25}.Debug|iPhoneSimulator.Deploy.0 = Debug|Any CPU
		{BCD4DB29-FB8D-4874-B081-8FDB49992C25}.Release|Any CPU.ActiveCfg = Release|Any CPU
		{BCD4DB29-FB8D-4874-B081-8FDB49992C25}.Release|Any CPU.Build.0 = Release|Any CPU
		{BCD4DB29-FB8D-4874-B081-8FDB49992C25}.Release|Any CPU.Deploy.0 = Release|Any CPU
		{BCD4DB29-FB8D-4874-B081-8FDB49992C25}.Release|iPhone.ActiveCfg = Release|Any CPU
		{BCD4DB29-FB8D-4874-B081-8FDB49992C25}.Release|iPhone.Build.0 = Release|Any CPU
		{BCD4DB29-FB8D-4874-B081-8FDB49992C25}.Release|iPhone.Deploy.0 = Release|Any CPU
		{BCD4DB29-FB8D-4874-B081-8FDB49992C25}.Release|iPhoneSimulator.ActiveCfg = Release|Any CPU
		{BCD4DB29-FB8D-4874-B081-8FDB49992C25}.Release|iPhoneSimulator.Build.0 = Release|Any CPU
		{BCD4DB29-FB8D-4874-B081-8FDB49992C25}.Release|iPhoneSimulator.Deploy.0 = Release|Any CPU
		{DB69162E-2D1C-494B-B3F0-CFE3BB7EB638}.Debug|Any CPU.ActiveCfg = Debug|iPhoneSimulator
		{DB69162E-2D1C-494B-B3F0-CFE3BB7EB638}.Debug|Any CPU.Build.0 = Debug|iPhoneSimulator
		{DB69162E-2D1C-494B-B3F0-CFE3BB7EB638}.Debug|Any CPU.Deploy.0 = Debug|iPhoneSimulator
		{DB69162E-2D1C-494B-B3F0-CFE3BB7EB638}.Debug|iPhone.ActiveCfg = Debug|iPhone
		{DB69162E-2D1C-494B-B3F0-CFE3BB7EB638}.Debug|iPhone.Build.0 = Debug|iPhone
		{DB69162E-2D1C-494B-B3F0-CFE3BB7EB638}.Debug|iPhone.Deploy.0 = Debug|iPhone
		{DB69162E-2D1C-494B-B3F0-CFE3BB7EB638}.Debug|iPhoneSimulator.ActiveCfg = Debug|iPhoneSimulator
		{DB69162E-2D1C-494B-B3F0-CFE3BB7EB638}.Debug|iPhoneSimulator.Build.0 = Debug|iPhoneSimulator
		{DB69162E-2D1C-494B-B3F0-CFE3BB7EB638}.Debug|iPhoneSimulator.Deploy.0 = Debug|iPhoneSimulator
		{DB69162E-2D1C-494B-B3F0-CFE3BB7EB638}.Release|Any CPU.ActiveCfg = Release|iPhone
		{DB69162E-2D1C-494B-B3F0-CFE3BB7EB638}.Release|Any CPU.Build.0 = Release|iPhone
		{DB69162E-2D1C-494B-B3F0-CFE3BB7EB638}.Release|Any CPU.Deploy.0 = Release|iPhone
		{DB69162E-2D1C-494B-B3F0-CFE3BB7EB638}.Release|iPhone.ActiveCfg = Release|iPhone
		{DB69162E-2D1C-494B-B3F0-CFE3BB7EB638}.Release|iPhone.Build.0 = Release|iPhone
		{DB69162E-2D1C-494B-B3F0-CFE3BB7EB638}.Release|iPhone.Deploy.0 = Release|iPhone
		{DB69162E-2D1C-494B-B3F0-CFE3BB7EB638}.Release|iPhoneSimulator.ActiveCfg = Release|iPhoneSimulator
		{DB69162E-2D1C-494B-B3F0-CFE3BB7EB638}.Release|iPhoneSimulator.Build.0 = Release|iPhoneSimulator
		{DB69162E-2D1C-494B-B3F0-CFE3BB7EB638}.Release|iPhoneSimulator.Deploy.0 = Release|iPhoneSimulator
		{2CF35C57-5FE4-4436-88F9-5E6688547078}.Debug|Any CPU.ActiveCfg = Debug|Any CPU
		{2CF35C57-5FE4-4436-88F9-5E6688547078}.Debug|Any CPU.Build.0 = Debug|Any CPU
		{2CF35C57-5FE4-4436-88F9-5E6688547078}.Debug|Any CPU.Deploy.0 = Debug|Any CPU
		{2CF35C57-5FE4-4436-88F9-5E6688547078}.Debug|iPhone.ActiveCfg = Debug|Any CPU
		{2CF35C57-5FE4-4436-88F9-5E6688547078}.Debug|iPhone.Build.0 = Debug|Any CPU
		{2CF35C57-5FE4-4436-88F9-5E6688547078}.Debug|iPhone.Deploy.0 = Debug|Any CPU
		{2CF35C57-5FE4-4436-88F9-5E6688547078}.Debug|iPhoneSimulator.ActiveCfg = Debug|Any CPU
		{2CF35C57-5FE4-4436-88F9-5E6688547078}.Debug|iPhoneSimulator.Build.0 = Debug|Any CPU
		{2CF35C57-5FE4-4436-88F9-5E6688547078}.Debug|iPhoneSimulator.Deploy.0 = Debug|Any CPU
		{2CF35C57-5FE4-4436-88F9-5E6688547078}.Release|Any CPU.ActiveCfg = Release|Any CPU
		{2CF35C57-5FE4-4436-88F9-5E6688547078}.Release|Any CPU.Build.0 = Release|Any CPU
		{2CF35C57-5FE4-4436-88F9-5E6688547078}.Release|Any CPU.Deploy.0 = Release|Any CPU
		{2CF35C57-5FE4-4436-88F9-5E6688547078}.Release|iPhone.ActiveCfg = Release|Any CPU
		{2CF35C57-5FE4-4436-88F9-5E6688547078}.Release|iPhone.Build.0 = Release|Any CPU
		{2CF35C57-5FE4-4436-88F9-5E6688547078}.Release|iPhone.Deploy.0 = Release|Any CPU
		{2CF35C57-5FE4-4436-88F9-5E6688547078}.Release|iPhoneSimulator.ActiveCfg = Release|Any CPU
		{2CF35C57-5FE4-4436-88F9-5E6688547078}.Release|iPhoneSimulator.Build.0 = Release|Any CPU
		{2CF35C57-5FE4-4436-88F9-5E6688547078}.Release|iPhoneSimulator.Deploy.0 = Release|Any CPU
		{F101C22B-6010-40EA-ADBE-82FD62E23D51}.Debug|Any CPU.ActiveCfg = Debug|Any CPU
		{F101C22B-6010-40EA-ADBE-82FD62E23D51}.Debug|Any CPU.Build.0 = Debug|Any CPU
		{F101C22B-6010-40EA-ADBE-82FD62E23D51}.Debug|iPhone.ActiveCfg = Debug|Any CPU
		{F101C22B-6010-40EA-ADBE-82FD62E23D51}.Debug|iPhone.Build.0 = Debug|Any CPU
		{F101C22B-6010-40EA-ADBE-82FD62E23D51}.Debug|iPhoneSimulator.ActiveCfg = Debug|Any CPU
		{F101C22B-6010-40EA-ADBE-82FD62E23D51}.Debug|iPhoneSimulator.Build.0 = Debug|Any CPU
		{F101C22B-6010-40EA-ADBE-82FD62E23D51}.Release|Any CPU.ActiveCfg = Release|Any CPU
		{F101C22B-6010-40EA-ADBE-82FD62E23D51}.Release|Any CPU.Build.0 = Release|Any CPU
		{F101C22B-6010-40EA-ADBE-82FD62E23D51}.Release|iPhone.ActiveCfg = Release|Any CPU
		{F101C22B-6010-40EA-ADBE-82FD62E23D51}.Release|iPhone.Build.0 = Release|Any CPU
		{F101C22B-6010-40EA-ADBE-82FD62E23D51}.Release|iPhoneSimulator.ActiveCfg = Release|Any CPU
		{F101C22B-6010-40EA-ADBE-82FD62E23D51}.Release|iPhoneSimulator.Build.0 = Release|Any CPU
		{8BF4E036-382B-44CD-88A1-4478E3F6896E}.Debug|Any CPU.ActiveCfg = Debug|Any CPU
		{8BF4E036-382B-44CD-88A1-4478E3F6896E}.Debug|Any CPU.Build.0 = Debug|Any CPU
		{8BF4E036-382B-44CD-88A1-4478E3F6896E}.Debug|iPhone.ActiveCfg = Debug|Any CPU
		{8BF4E036-382B-44CD-88A1-4478E3F6896E}.Debug|iPhone.Build.0 = Debug|Any CPU
		{8BF4E036-382B-44CD-88A1-4478E3F6896E}.Debug|iPhoneSimulator.ActiveCfg = Debug|Any CPU
		{8BF4E036-382B-44CD-88A1-4478E3F6896E}.Debug|iPhoneSimulator.Build.0 = Debug|Any CPU
		{8BF4E036-382B-44CD-88A1-4478E3F6896E}.Release|Any CPU.ActiveCfg = Release|Any CPU
		{8BF4E036-382B-44CD-88A1-4478E3F6896E}.Release|Any CPU.Build.0 = Release|Any CPU
		{8BF4E036-382B-44CD-88A1-4478E3F6896E}.Release|iPhone.ActiveCfg = Release|Any CPU
		{8BF4E036-382B-44CD-88A1-4478E3F6896E}.Release|iPhone.Build.0 = Release|Any CPU
		{8BF4E036-382B-44CD-88A1-4478E3F6896E}.Release|iPhoneSimulator.ActiveCfg = Release|Any CPU
		{8BF4E036-382B-44CD-88A1-4478E3F6896E}.Release|iPhoneSimulator.Build.0 = Release|Any CPU
		{615FE365-B433-4D03-8953-7507FC9EFC96}.Debug|Any CPU.ActiveCfg = Debug|Any CPU
		{615FE365-B433-4D03-8953-7507FC9EFC96}.Debug|Any CPU.Build.0 = Debug|Any CPU
		{615FE365-B433-4D03-8953-7507FC9EFC96}.Debug|iPhone.ActiveCfg = Debug|Any CPU
		{615FE365-B433-4D03-8953-7507FC9EFC96}.Debug|iPhone.Build.0 = Debug|Any CPU
		{615FE365-B433-4D03-8953-7507FC9EFC96}.Debug|iPhoneSimulator.ActiveCfg = Debug|Any CPU
		{615FE365-B433-4D03-8953-7507FC9EFC96}.Debug|iPhoneSimulator.Build.0 = Debug|Any CPU
		{615FE365-B433-4D03-8953-7507FC9EFC96}.Release|Any CPU.ActiveCfg = Release|Any CPU
		{615FE365-B433-4D03-8953-7507FC9EFC96}.Release|Any CPU.Build.0 = Release|Any CPU
		{615FE365-B433-4D03-8953-7507FC9EFC96}.Release|iPhone.ActiveCfg = Release|Any CPU
		{615FE365-B433-4D03-8953-7507FC9EFC96}.Release|iPhone.Build.0 = Release|Any CPU
		{615FE365-B433-4D03-8953-7507FC9EFC96}.Release|iPhoneSimulator.ActiveCfg = Release|Any CPU
		{615FE365-B433-4D03-8953-7507FC9EFC96}.Release|iPhoneSimulator.Build.0 = Release|Any CPU
	EndGlobalSection
	GlobalSection(SolutionProperties) = preSolution
		HideSolutionNode = FALSE
	EndGlobalSection
	GlobalSection(ExtensibilityGlobals) = postSolution
		SolutionGuid = {28A3FCFD-4E26-41E1-A239-8B13E2C8D461}
	EndGlobalSection
EndGlobal
